// !$*UTF8*$!
{
	archiveVersion = 1;
	classes = {
	};
	objectVersion = 51;
	objects = {

/* Begin PBXBuildFile section */
		23BEA1916CF563844386D7D7 /* Pods_ItunesSearcher.framework in Frameworks */ = {isa = PBXBuildFile; fileRef = E47E215F449C95AF82A87F01 /* Pods_ItunesSearcher.framework */; };
		595F26522662713500E379C8 /* AppDelegate.swift in Sources */ = {isa = PBXBuildFile; fileRef = 595F26512662713500E379C8 /* AppDelegate.swift */; };
		595F26542662713500E379C8 /* SceneDelegate.swift in Sources */ = {isa = PBXBuildFile; fileRef = 595F26532662713500E379C8 /* SceneDelegate.swift */; };
		595F26562662713500E379C8 /* SearchController.swift in Sources */ = {isa = PBXBuildFile; fileRef = 595F26552662713500E379C8 /* SearchController.swift */; };
		595F26592662713500E379C8 /* Main.storyboard in Resources */ = {isa = PBXBuildFile; fileRef = 595F26572662713500E379C8 /* Main.storyboard */; };
		595F265B2662713800E379C8 /* Assets.xcassets in Resources */ = {isa = PBXBuildFile; fileRef = 595F265A2662713800E379C8 /* Assets.xcassets */; };
		595F265E2662713800E379C8 /* LaunchScreen.storyboard in Resources */ = {isa = PBXBuildFile; fileRef = 595F265C2662713800E379C8 /* LaunchScreen.storyboard */; };
		595F266A2662729100E379C8 /* Poppins-Medium.ttf in Resources */ = {isa = PBXBuildFile; fileRef = 595F26662662729100E379C8 /* Poppins-Medium.ttf */; };
		595F266B2662729100E379C8 /* Poppins-Regular.ttf in Resources */ = {isa = PBXBuildFile; fileRef = 595F26672662729100E379C8 /* Poppins-Regular.ttf */; };
		595F266C2662729100E379C8 /* Poppins-Bold.ttf in Resources */ = {isa = PBXBuildFile; fileRef = 595F26682662729100E379C8 /* Poppins-Bold.ttf */; };
		595F266D2662729100E379C8 /* Poppins-SemiBold.ttf in Resources */ = {isa = PBXBuildFile; fileRef = 595F26692662729100E379C8 /* Poppins-SemiBold.ttf */; };
		595F26722662735100E379C8 /* Config.swift in Sources */ = {isa = PBXBuildFile; fileRef = 595F26712662735100E379C8 /* Config.swift */; };
		595F2676266274D000E379C8 /* Connectivity.swift in Sources */ = {isa = PBXBuildFile; fileRef = 595F2674266274D000E379C8 /* Connectivity.swift */; };
		595F2677266274D000E379C8 /* NetworkHandler.swift in Sources */ = {isa = PBXBuildFile; fileRef = 595F2675266274D000E379C8 /* NetworkHandler.swift */; };
		595F267A2662890800E379C8 /* SearchCell.swift in Sources */ = {isa = PBXBuildFile; fileRef = 595F26792662890800E379C8 /* SearchCell.swift */; };
		595F267E26628ECE00E379C8 /* ItunesModel.swift in Sources */ = {isa = PBXBuildFile; fileRef = 595F267C26628ECD00E379C8 /* ItunesModel.swift */; };
		595F267F26628ECE00E379C8 /* Result.swift in Sources */ = {isa = PBXBuildFile; fileRef = 595F267D26628ECD00E379C8 /* Result.swift */; };
		595F2685266299F100E379C8 /* UIView-Extention.swift in Sources */ = {isa = PBXBuildFile; fileRef = 595F2681266299F100E379C8 /* UIView-Extention.swift */; };
		595F2686266299F100E379C8 /* UIAlert-Extention.swift in Sources */ = {isa = PBXBuildFile; fileRef = 595F2682266299F100E379C8 /* UIAlert-Extention.swift */; };
		595F2687266299F100E379C8 /* UIActivityIndicator-Extention.swift in Sources */ = {isa = PBXBuildFile; fileRef = 595F2683266299F100E379C8 /* UIActivityIndicator-Extention.swift */; };
		595F2688266299F100E379C8 /* UITableView-Extention.swift in Sources */ = {isa = PBXBuildFile; fileRef = 595F2684266299F100E379C8 /* UITableView-Extention.swift */; };
		595F268B2664020A00E379C8 /* ArtistDetailController.swift in Sources */ = {isa = PBXBuildFile; fileRef = 595F268A2664020A00E379C8 /* ArtistDetailController.swift */; };
/* End PBXBuildFile section */

/* Begin PBXFileReference section */
		2CE8C57E042AC457463BE1AC /* Pods-ItunesSearcher.debug.xcconfig */ = {isa = PBXFileReference; includeInIndex = 1; lastKnownFileType = text.xcconfig; name = "Pods-ItunesSearcher.debug.xcconfig"; path = "Target Support Files/Pods-ItunesSearcher/Pods-ItunesSearcher.debug.xcconfig"; sourceTree = "<group>"; };
		595F264E2662713500E379C8 /* ItunesSearcher.app */ = {isa = PBXFileReference; explicitFileType = wrapper.application; includeInIndex = 0; path = ItunesSearcher.app; sourceTree = BUILT_PRODUCTS_DIR; };
		595F26512662713500E379C8 /* AppDelegate.swift */ = {isa = PBXFileReference; lastKnownFileType = sourcecode.swift; path = AppDelegate.swift; sourceTree = "<group>"; };
		595F26532662713500E379C8 /* SceneDelegate.swift */ = {isa = PBXFileReference; lastKnownFileType = sourcecode.swift; path = SceneDelegate.swift; sourceTree = "<group>"; };
		595F26552662713500E379C8 /* SearchController.swift */ = {isa = PBXFileReference; lastKnownFileType = sourcecode.swift; path = SearchController.swift; sourceTree = "<group>"; };
		595F26582662713500E379C8 /* Base */ = {isa = PBXFileReference; lastKnownFileType = file.storyboard; name = Base; path = Base.lproj/Main.storyboard; sourceTree = "<group>"; };
		595F265A2662713800E379C8 /* Assets.xcassets */ = {isa = PBXFileReference; lastKnownFileType = folder.assetcatalog; path = Assets.xcassets; sourceTree = "<group>"; };
		595F265D2662713800E379C8 /* Base */ = {isa = PBXFileReference; lastKnownFileType = file.storyboard; name = Base; path = Base.lproj/LaunchScreen.storyboard; sourceTree = "<group>"; };
		595F265F2662713800E379C8 /* Info.plist */ = {isa = PBXFileReference; lastKnownFileType = text.plist.xml; path = Info.plist; sourceTree = "<group>"; };
		595F26662662729100E379C8 /* Poppins-Medium.ttf */ = {isa = PBXFileReference; lastKnownFileType = file; path = "Poppins-Medium.ttf"; sourceTree = "<group>"; };
		595F26672662729100E379C8 /* Poppins-Regular.ttf */ = {isa = PBXFileReference; lastKnownFileType = file; path = "Poppins-Regular.ttf"; sourceTree = "<group>"; };
		595F26682662729100E379C8 /* Poppins-Bold.ttf */ = {isa = PBXFileReference; lastKnownFileType = file; path = "Poppins-Bold.ttf"; sourceTree = "<group>"; };
		595F26692662729100E379C8 /* Poppins-SemiBold.ttf */ = {isa = PBXFileReference; lastKnownFileType = file; path = "Poppins-SemiBold.ttf"; sourceTree = "<group>"; };
		595F26712662735100E379C8 /* Config.swift */ = {isa = PBXFileReference; lastKnownFileType = sourcecode.swift; path = Config.swift; sourceTree = "<group>"; };
		595F2674266274D000E379C8 /* Connectivity.swift */ = {isa = PBXFileReference; fileEncoding = 4; lastKnownFileType = sourcecode.swift; path = Connectivity.swift; sourceTree = "<group>"; };
		595F2675266274D000E379C8 /* NetworkHandler.swift */ = {isa = PBXFileReference; fileEncoding = 4; lastKnownFileType = sourcecode.swift; path = NetworkHandler.swift; sourceTree = "<group>"; };
		595F26792662890800E379C8 /* SearchCell.swift */ = {isa = PBXFileReference; lastKnownFileType = sourcecode.swift; path = SearchCell.swift; sourceTree = "<group>"; };
		595F267C26628ECD00E379C8 /* ItunesModel.swift */ = {isa = PBXFileReference; fileEncoding = 4; lastKnownFileType = sourcecode.swift; path = ItunesModel.swift; sourceTree = "<group>"; };
		595F267D26628ECD00E379C8 /* Result.swift */ = {isa = PBXFileReference; fileEncoding = 4; lastKnownFileType = sourcecode.swift; path = Result.swift; sourceTree = "<group>"; };
		595F2681266299F100E379C8 /* UIView-Extention.swift */ = {isa = PBXFileReference; fileEncoding = 4; lastKnownFileType = sourcecode.swift; path = "UIView-Extention.swift"; sourceTree = "<group>"; };
		595F2682266299F100E379C8 /* UIAlert-Extention.swift */ = {isa = PBXFileReference; fileEncoding = 4; lastKnownFileType = sourcecode.swift; path = "UIAlert-Extention.swift"; sourceTree = "<group>"; };
		595F2683266299F100E379C8 /* UIActivityIndicator-Extention.swift */ = {isa = PBXFileReference; fileEncoding = 4; lastKnownFileType = sourcecode.swift; path = "UIActivityIndicator-Extention.swift"; sourceTree = "<group>"; };
		595F2684266299F100E379C8 /* UITableView-Extention.swift */ = {isa = PBXFileReference; fileEncoding = 4; lastKnownFileType = sourcecode.swift; path = "UITableView-Extention.swift"; sourceTree = "<group>"; };
		595F268A2664020A00E379C8 /* ArtistDetailController.swift */ = {isa = PBXFileReference; lastKnownFileType = sourcecode.swift; path = ArtistDetailController.swift; sourceTree = "<group>"; };
		7C0E06CAF419951C11470F6B /* Pods-ItunesSearcher.release.xcconfig */ = {isa = PBXFileReference; includeInIndex = 1; lastKnownFileType = text.xcconfig; name = "Pods-ItunesSearcher.release.xcconfig"; path = "Target Support Files/Pods-ItunesSearcher/Pods-ItunesSearcher.release.xcconfig"; sourceTree = "<group>"; };
		E47E215F449C95AF82A87F01 /* Pods_ItunesSearcher.framework */ = {isa = PBXFileReference; explicitFileType = wrapper.framework; includeInIndex = 0; path = Pods_ItunesSearcher.framework; sourceTree = BUILT_PRODUCTS_DIR; };
/* End PBXFileReference section */

/* Begin PBXFrameworksBuildPhase section */
		595F264B2662713500E379C8 /* Frameworks */ = {
			isa = PBXFrameworksBuildPhase;
			buildActionMask = 2147483647;
			files = (
				23BEA1916CF563844386D7D7 /* Pods_ItunesSearcher.framework in Frameworks */,
			);
			runOnlyForDeploymentPostprocessing = 0;
		};
/* End PBXFrameworksBuildPhase section */

/* Begin PBXGroup section */
		56ABDB6A6702F85DA0773C89 /* Pods */ = {
			isa = PBXGroup;
			children = (
				2CE8C57E042AC457463BE1AC /* Pods-ItunesSearcher.debug.xcconfig */,
				7C0E06CAF419951C11470F6B /* Pods-ItunesSearcher.release.xcconfig */,
			);
			path = Pods;
			sourceTree = "<group>";
		};
		595F26452662713500E379C8 = {
			isa = PBXGroup;
			children = (
				595F26502662713500E379C8 /* ItunesSearcher */,
				595F264F2662713500E379C8 /* Products */,
				56ABDB6A6702F85DA0773C89 /* Pods */,
				6B2E773D83F19F3B123218DD /* Frameworks */,
			);
			sourceTree = "<group>";
		};
		595F264F2662713500E379C8 /* Products */ = {
			isa = PBXGroup;
			children = (
				595F264E2662713500E379C8 /* ItunesSearcher.app */,
			);
			name = Products;
			sourceTree = "<group>";
		};
		595F26502662713500E379C8 /* ItunesSearcher */ = {
			isa = PBXGroup;
			children = (
				595F26652662729100E379C8 /* Poppins Font */,
				595F2680266299F100E379C8 /* Extensions */,
				595F2673266274D000E379C8 /* Network */,
				595F266E2662733000E379C8 /* Models */,
				595F266F2662733600E379C8 /* Views */,
				595F26782662887400E379C8 /* Search Home */,
				595F2689266401E500E379C8 /* Artist Detail */,
				595F26702662733D00E379C8 /* Util */,
				595F26512662713500E379C8 /* AppDelegate.swift */,
				595F26532662713500E379C8 /* SceneDelegate.swift */,
				595F265F2662713800E379C8 /* Info.plist */,
			);
			path = ItunesSearcher;
			sourceTree = "<group>";
		};
		595F26652662729100E379C8 /* Poppins Font */ = {
			isa = PBXGroup;
			children = (
				595F26662662729100E379C8 /* Poppins-Medium.ttf */,
				595F26672662729100E379C8 /* Poppins-Regular.ttf */,
				595F26682662729100E379C8 /* Poppins-Bold.ttf */,
				595F26692662729100E379C8 /* Poppins-SemiBold.ttf */,
			);
			path = "Poppins Font";
			sourceTree = "<group>";
		};
		595F266E2662733000E379C8 /* Models */ = {
			isa = PBXGroup;
			children = (
				595F267B26628ECD00E379C8 /* ItunesModel */,
			);
			path = Models;
			sourceTree = "<group>";
		};
		595F266F2662733600E379C8 /* Views */ = {
			isa = PBXGroup;
			children = (
				595F26572662713500E379C8 /* Main.storyboard */,
				595F265A2662713800E379C8 /* Assets.xcassets */,
				595F265C2662713800E379C8 /* LaunchScreen.storyboard */,
			);
			path = Views;
			sourceTree = "<group>";
		};
		595F26702662733D00E379C8 /* Util */ = {
			isa = PBXGroup;
			children = (
				595F26712662735100E379C8 /* Config.swift */,
			);
			path = Util;
			sourceTree = "<group>";
		};
		595F2673266274D000E379C8 /* Network */ = {
			isa = PBXGroup;
			children = (
				595F2675266274D000E379C8 /* NetworkHandler.swift */,
				595F2674266274D000E379C8 /* Connectivity.swift */,
			);
			path = Network;
			sourceTree = "<group>";
		};
		595F26782662887400E379C8 /* Search Home */ = {
			isa = PBXGroup;
			children = (
				595F26552662713500E379C8 /* SearchController.swift */,
				595F26792662890800E379C8 /* SearchCell.swift */,
			);
			path = "Search Home";
			sourceTree = "<group>";
		};
		595F267B26628ECD00E379C8 /* ItunesModel */ = {
			isa = PBXGroup;
			children = (
				595F267C26628ECD00E379C8 /* ItunesModel.swift */,
				595F267D26628ECD00E379C8 /* Result.swift */,
			);
			path = ItunesModel;
			sourceTree = "<group>";
		};
		595F2680266299F100E379C8 /* Extensions */ = {
			isa = PBXGroup;
			children = (
				595F2681266299F100E379C8 /* UIView-Extention.swift */,
				595F2682266299F100E379C8 /* UIAlert-Extention.swift */,
				595F2683266299F100E379C8 /* UIActivityIndicator-Extention.swift */,
				595F2684266299F100E379C8 /* UITableView-Extention.swift */,
			);
			path = Extensions;
			sourceTree = "<group>";
		};
		595F2689266401E500E379C8 /* Artist Detail */ = {
			isa = PBXGroup;
			children = (
				595F268A2664020A00E379C8 /* ArtistDetailController.swift */,
			);
			path = "Artist Detail";
			sourceTree = "<group>";
		};
		6B2E773D83F19F3B123218DD /* Frameworks */ = {
			isa = PBXGroup;
			children = (
				E47E215F449C95AF82A87F01 /* Pods_ItunesSearcher.framework */,
			);
			name = Frameworks;
			sourceTree = "<group>";
		};
/* End PBXGroup section */

/* Begin PBXNativeTarget section */
		595F264D2662713500E379C8 /* ItunesSearcher */ = {
			isa = PBXNativeTarget;
			buildConfigurationList = 595F26622662713800E379C8 /* Build configuration list for PBXNativeTarget "ItunesSearcher" */;
			buildPhases = (
				B01C01A9420D5A45A0081CE9 /* [CP] Check Pods Manifest.lock */,
				595F264A2662713500E379C8 /* Sources */,
				595F264B2662713500E379C8 /* Frameworks */,
				595F264C2662713500E379C8 /* Resources */,
				6C3893E21C281BE8BFC88A4A /* [CP] Embed Pods Frameworks */,
			);
			buildRules = (
			);
			dependencies = (
			);
			name = ItunesSearcher;
			productName = ItunesSearcher;
			productReference = 595F264E2662713500E379C8 /* ItunesSearcher.app */;
			productType = "com.apple.product-type.application";
		};
/* End PBXNativeTarget section */

/* Begin PBXProject section */
		595F26462662713500E379C8 /* Project object */ = {
			isa = PBXProject;
			attributes = {
				LastSwiftUpdateCheck = 1250;
				LastUpgradeCheck = 1250;
				TargetAttributes = {
					595F264D2662713500E379C8 = {
						CreatedOnToolsVersion = 12.5;
					};
				};
			};
			buildConfigurationList = 595F26492662713500E379C8 /* Build configuration list for PBXProject "ItunesSearcher" */;
			compatibilityVersion = "Xcode 9.3";
			developmentRegion = en;
			hasScannedForEncodings = 0;
			knownRegions = (
				en,
				Base,
			);
			mainGroup = 595F26452662713500E379C8;
			productRefGroup = 595F264F2662713500E379C8 /* Products */;
			projectDirPath = "";
			projectRoot = "";
			targets = (
				595F264D2662713500E379C8 /* ItunesSearcher */,
			);
		};
/* End PBXProject section */

/* Begin PBXResourcesBuildPhase section */
		595F264C2662713500E379C8 /* Resources */ = {
			isa = PBXResourcesBuildPhase;
			buildActionMask = 2147483647;
			files = (
				595F265E2662713800E379C8 /* LaunchScreen.storyboard in Resources */,
				595F266D2662729100E379C8 /* Poppins-SemiBold.ttf in Resources */,
				595F266C2662729100E379C8 /* Poppins-Bold.ttf in Resources */,
				595F266A2662729100E379C8 /* Poppins-Medium.ttf in Resources */,
				595F265B2662713800E379C8 /* Assets.xcassets in Resources */,
				595F26592662713500E379C8 /* Main.storyboard in Resources */,
				595F266B2662729100E379C8 /* Poppins-Regular.ttf in Resources */,
			);
			runOnlyForDeploymentPostprocessing = 0;
		};
/* End PBXResourcesBuildPhase section */

/* Begin PBXShellScriptBuildPhase section */
		6C3893E21C281BE8BFC88A4A /* [CP] Embed Pods Frameworks */ = {
			isa = PBXShellScriptBuildPhase;
			buildActionMask = 2147483647;
			files = (
			);
			inputFileListPaths = (
				"${PODS_ROOT}/Target Support Files/Pods-ItunesSearcher/Pods-ItunesSearcher-frameworks-${CONFIGURATION}-input-files.xcfilelist",
			);
			name = "[CP] Embed Pods Frameworks";
			outputFileListPaths = (
				"${PODS_ROOT}/Target Support Files/Pods-ItunesSearcher/Pods-ItunesSearcher-frameworks-${CONFIGURATION}-output-files.xcfilelist",
			);
			runOnlyForDeploymentPostprocessing = 0;
			shellPath = /bin/sh;
			shellScript = "\"${PODS_ROOT}/Target Support Files/Pods-ItunesSearcher/Pods-ItunesSearcher-frameworks.sh\"\n";
			showEnvVarsInLog = 0;
		};
		B01C01A9420D5A45A0081CE9 /* [CP] Check Pods Manifest.lock */ = {
			isa = PBXShellScriptBuildPhase;
			buildActionMask = 2147483647;
			files = (
			);
			inputFileListPaths = (
			);
			inputPaths = (
				"${PODS_PODFILE_DIR_PATH}/Podfile.lock",
				"${PODS_ROOT}/Manifest.lock",
			);
			name = "[CP] Check Pods Manifest.lock";
			outputFileListPaths = (
			);
			outputPaths = (
				"$(DERIVED_FILE_DIR)/Pods-ItunesSearcher-checkManifestLockResult.txt",
			);
			runOnlyForDeploymentPostprocessing = 0;
			shellPath = /bin/sh;
			shellScript = "diff \"${PODS_PODFILE_DIR_PATH}/Podfile.lock\" \"${PODS_ROOT}/Manifest.lock\" > /dev/null\nif [ $? != 0 ] ; then\n    # print error to STDERR\n    echo \"error: The sandbox is not in sync with the Podfile.lock. Run 'pod install' or update your CocoaPods installation.\" >&2\n    exit 1\nfi\n# This output is used by Xcode 'outputs' to avoid re-running this script phase.\necho \"SUCCESS\" > \"${SCRIPT_OUTPUT_FILE_0}\"\n";
			showEnvVarsInLog = 0;
		};
/* End PBXShellScriptBuildPhase section */

/* Begin PBXSourcesBuildPhase section */
		595F264A2662713500E379C8 /* Sources */ = {
			isa = PBXSourcesBuildPhase;
			buildActionMask = 2147483647;
			files = (
				595F267F26628ECE00E379C8 /* Result.swift in Sources */,
				595F26562662713500E379C8 /* SearchController.swift in Sources */,
				595F26722662735100E379C8 /* Config.swift in Sources */,
				595F2685266299F100E379C8 /* UIView-Extention.swift in Sources */,
				595F2676266274D000E379C8 /* Connectivity.swift in Sources */,
				595F267A2662890800E379C8 /* SearchCell.swift in Sources */,
				595F267E26628ECE00E379C8 /* ItunesModel.swift in Sources */,
				595F268B2664020A00E379C8 /* ArtistDetailController.swift in Sources */,
				595F26522662713500E379C8 /* AppDelegate.swift in Sources */,
				595F2686266299F100E379C8 /* UIAlert-Extention.swift in Sources */,
				595F2687266299F100E379C8 /* UIActivityIndicator-Extention.swift in Sources */,
				595F2688266299F100E379C8 /* UITableView-Extention.swift in Sources */,
				595F26542662713500E379C8 /* SceneDelegate.swift in Sources */,
				595F2677266274D000E379C8 /* NetworkHandler.swift in Sources */,
			);
			runOnlyForDeploymentPostprocessing = 0;
		};
/* End PBXSourcesBuildPhase section */

/* Begin PBXVariantGroup section */
		595F26572662713500E379C8 /* Main.storyboard */ = {
			isa = PBXVariantGroup;
			children = (
				595F26582662713500E379C8 /* Base */,
			);
			name = Main.storyboard;
			sourceTree = "<group>";
		};
		595F265C2662713800E379C8 /* LaunchScreen.storyboard */ = {
			isa = PBXVariantGroup;
			children = (
				595F265D2662713800E379C8 /* Base */,
			);
			name = LaunchScreen.storyboard;
			sourceTree = "<group>";
		};
/* End PBXVariantGroup section */

/* Begin XCBuildConfiguration section */
		595F26602662713800E379C8 /* Debug */ = {
			isa = XCBuildConfiguration;
			buildSettings = {
				ALWAYS_SEARCH_USER_PATHS = NO;
				CLANG_ANALYZER_NONNULL = YES;
				CLANG_ANALYZER_NUMBER_OBJECT_CONVERSION = YES_AGGRESSIVE;
				CLANG_CXX_LANGUAGE_STANDARD = "gnu++14";
				CLANG_CXX_LIBRARY = "libc++";
				CLANG_ENABLE_MODULES = YES;
				CLANG_ENABLE_OBJC_ARC = YES;
				CLANG_ENABLE_OBJC_WEAK = YES;
				CLANG_WARN_BLOCK_CAPTURE_AUTORELEASING = YES;
				CLANG_WARN_BOOL_CONVERSION = YES;
				CLANG_WARN_COMMA = YES;
				CLANG_WARN_CONSTANT_CONVERSION = YES;
				CLANG_WARN_DEPRECATED_OBJC_IMPLEMENTATIONS = YES;
				CLANG_WARN_DIRECT_OBJC_ISA_USAGE = YES_ERROR;
				CLANG_WARN_DOCUMENTATION_COMMENTS = YES;
				CLANG_WARN_EMPTY_BODY = YES;
				CLANG_WARN_ENUM_CONVERSION = YES;
				CLANG_WARN_INFINITE_RECURSION = YES;
				CLANG_WARN_INT_CONVERSION = YES;
				CLANG_WARN_NON_LITERAL_NULL_CONVERSION = YES;
				CLANG_WARN_OBJC_IMPLICIT_RETAIN_SELF = YES;
				CLANG_WARN_OBJC_LITERAL_CONVERSION = YES;
				CLANG_WARN_OBJC_ROOT_CLASS = YES_ERROR;
				CLANG_WARN_QUOTED_INCLUDE_IN_FRAMEWORK_HEADER = YES;
				CLANG_WARN_RANGE_LOOP_ANALYSIS = YES;
				CLANG_WARN_STRICT_PROTOTYPES = YES;
				CLANG_WARN_SUSPICIOUS_MOVE = YES;
				CLANG_WARN_UNGUARDED_AVAILABILITY = YES_AGGRESSIVE;
				CLANG_WARN_UNREACHABLE_CODE = YES;
				CLANG_WARN__DUPLICATE_METHOD_MATCH = YES;
				COPY_PHASE_STRIP = NO;
				DEBUG_INFORMATION_FORMAT = dwarf;
				ENABLE_STRICT_OBJC_MSGSEND = YES;
				ENABLE_TESTABILITY = YES;
				GCC_C_LANGUAGE_STANDARD = gnu11;
				GCC_DYNAMIC_NO_PIC = NO;
				GCC_NO_COMMON_BLOCKS = YES;
				GCC_OPTIMIZATION_LEVEL = 0;
				GCC_PREPROCESSOR_DEFINITIONS = (
					"DEBUG=1",
					"$(inherited)",
				);
				GCC_WARN_64_TO_32_BIT_CONVERSION = YES;
				GCC_WARN_ABOUT_RETURN_TYPE = YES_ERROR;
				GCC_WARN_UNDECLARED_SELECTOR = YES;
				GCC_WARN_UNINITIALIZED_AUTOS = YES_AGGRESSIVE;
				GCC_WARN_UNUSED_FUNCTION = YES;
				GCC_WARN_UNUSED_VARIABLE = YES;
				IPHONEOS_DEPLOYMENT_TARGET = 12.1;
				MTL_ENABLE_DEBUG_INFO = INCLUDE_SOURCE;
				MTL_FAST_MATH = YES;
				ONLY_ACTIVE_ARCH = YES;
				SDKROOT = iphoneos;
				SWIFT_ACTIVE_COMPILATION_CONDITIONS = DEBUG;
				SWIFT_OPTIMIZATION_LEVEL = "-Onone";
			};
			name = Debug;
		};
		595F26612662713800E379C8 /* Release */ = {
			isa = XCBuildConfiguration;
			buildSettings = {
				ALWAYS_SEARCH_USER_PATHS = NO;
				CLANG_ANALYZER_NONNULL = YES;
				CLANG_ANALYZER_NUMBER_OBJECT_CONVERSION = YES_AGGRESSIVE;
				CLANG_CXX_LANGUAGE_STANDARD = "gnu++14";
				CLANG_CXX_LIBRARY = "libc++";
				CLANG_ENABLE_MODULES = YES;
				CLANG_ENABLE_OBJC_ARC = YES;
				CLANG_ENABLE_OBJC_WEAK = YES;
				CLANG_WARN_BLOCK_CAPTURE_AUTORELEASING = YES;
				CLANG_WARN_BOOL_CONVERSION = YES;
				CLANG_WARN_COMMA = YES;
				CLANG_WARN_CONSTANT_CONVERSION = YES;
				CLANG_WARN_DEPRECATED_OBJC_IMPLEMENTATIONS = YES;
				CLANG_WARN_DIRECT_OBJC_ISA_USAGE = YES_ERROR;
				CLANG_WARN_DOCUMENTATION_COMMENTS = YES;
				CLANG_WARN_EMPTY_BODY = YES;
				CLANG_WARN_ENUM_CONVERSION = YES;
				CLANG_WARN_INFINITE_RECURSION = YES;
				CLANG_WARN_INT_CONVERSION = YES;
				CLANG_WARN_NON_LITERAL_NULL_CONVERSION = YES;
				CLANG_WARN_OBJC_IMPLICIT_RETAIN_SELF = YES;
				CLANG_WARN_OBJC_LITERAL_CONVERSION = YES;
				CLANG_WARN_OBJC_ROOT_CLASS = YES_ERROR;
				CLANG_WARN_QUOTED_INCLUDE_IN_FRAMEWORK_HEADER = YES;
				CLANG_WARN_RANGE_LOOP_ANALYSIS = YES;
				CLANG_WARN_STRICT_PROTOTYPES = YES;
				CLANG_WARN_SUSPICIOUS_MOVE = YES;
				CLANG_WARN_UNGUARDED_AVAILABILITY = YES_AGGRESSIVE;
				CLANG_WARN_UNREACHABLE_CODE = YES;
				CLANG_WARN__DUPLICATE_METHOD_MATCH = YES;
				COPY_PHASE_STRIP = NO;
				DEBUG_INFORMATION_FORMAT = "dwarf-with-dsym";
				ENABLE_NS_ASSERTIONS = NO;
				ENABLE_STRICT_OBJC_MSGSEND = YES;
				GCC_C_LANGUAGE_STANDARD = gnu11;
				GCC_NO_COMMON_BLOCKS = YES;
				GCC_WARN_64_TO_32_BIT_CONVERSION = YES;
				GCC_WARN_ABOUT_RETURN_TYPE = YES_ERROR;
				GCC_WARN_UNDECLARED_SELECTOR = YES;
				GCC_WARN_UNINITIALIZED_AUTOS = YES_AGGRESSIVE;
				GCC_WARN_UNUSED_FUNCTION = YES;
				GCC_WARN_UNUSED_VARIABLE = YES;
				IPHONEOS_DEPLOYMENT_TARGET = 12.1;
				MTL_ENABLE_DEBUG_INFO = NO;
				MTL_FAST_MATH = YES;
				SDKROOT = iphoneos;
				SWIFT_COMPILATION_MODE = wholemodule;
				SWIFT_OPTIMIZATION_LEVEL = "-O";
				VALIDATE_PRODUCT = YES;
			};
			name = Release;
		};
		595F26632662713800E379C8 /* Debug */ = {
			isa = XCBuildConfiguration;
			baseConfigurationReference = 2CE8C57E042AC457463BE1AC /* Pods-ItunesSearcher.debug.xcconfig */;
			buildSettings = {
				ASSETCATALOG_COMPILER_APPICON_NAME = AppIcon;
				ASSETCATALOG_COMPILER_GLOBAL_ACCENT_COLOR_NAME = AccentColor;
				CODE_SIGN_STYLE = Automatic;
				DEVELOPMENT_TEAM = 9B4N3H28J7;
				INFOPLIST_FILE = ItunesSearcher/Info.plist;
				IPHONEOS_DEPLOYMENT_TARGET = 12.1;
				LD_RUNPATH_SEARCH_PATHS = (
					"$(inherited)",
					"@executable_path/Frameworks",
				);
				PRODUCT_BUNDLE_IDENTIFIER = Abdul.ItunesSearcher;
				PRODUCT_NAME = "$(TARGET_NAME)";
				SWIFT_VERSION = 5.0;
				TARGETED_DEVICE_FAMILY = "1,2";
			};
			name = Debug;
		};
		595F26642662713800E379C8 /* Release */ = {
			isa = XCBuildConfiguration;
			baseConfigurationReference = 7C0E06CAF419951C11470F6B /* Pods-ItunesSearcher.release.xcconfig */;
			buildSettings = {
				ASSETCATALOG_COMPILER_APPICON_NAME = AppIcon;
				ASSETCATALOG_COMPILER_GLOBAL_ACCENT_COLOR_NAME = AccentColor;
				CODE_SIGN_STYLE = Automatic;
				DEVELOPMENT_TEAM = 9B4N3H28J7;
				INFOPLIST_FILE = ItunesSearcher/Info.plist;
				IPHONEOS_DEPLOYMENT_TARGET = 12.1;
				LD_RUNPATH_SEARCH_PATHS = (
					"$(inherited)",
					"@executable_path/Frameworks",
				);
				PRODUCT_BUNDLE_IDENTIFIER = Abdul.ItunesSearcher;
				PRODUCT_NAME = "$(TARGET_NAME)";
				SWIFT_VERSION = 5.0;
				TARGETED_DEVICE_FAMILY = "1,2";
			};
			name = Release;
		};
/* End XCBuildConfiguration section */

/* Begin XCConfigurationList section */
		595F26492662713500E379C8 /* Build configuration list for PBXProject "ItunesSearcher" */ = {
			isa = XCConfigurationList;
			buildConfigurations = (
				595F26602662713800E379C8 /* Debug */,
				595F26612662713800E379C8 /* Release */,
			);
			defaultConfigurationIsVisible = 0;
			defaultConfigurationName = Release;
		};
		595F26622662713800E379C8 /* Build configuration list for PBXNativeTarget "ItunesSearcher" */ = {
			isa = XCConfigurationList;
			buildConfigurations = (
				595F26632662713800E379C8 /* Debug */,
				595F26642662713800E379C8 /* Release */,
			);
			defaultConfigurationIsVisible = 0;
			defaultConfigurationName = Release;
		};
/* End XCConfigurationList section */
	};
	rootObject = 595F26462662713500E379C8 /* Project object */;
}
